
Microsoft Visual Studio Solution File, Format Version 12.00
# Visual Studio 15
VisualStudioVersion = 15.0.26020.0
MinimumVisualStudioVersion = 10.0.40219.1
Project("{FAE04EC0-301F-11D3-BF4B-00C04F79EFBC}") = "JacobPoldenCodes.Umbraco", "JacobPoldenCodes.Umbraco\JacobPoldenCodes.Umbraco.csproj", "{A65D0A0E-A3B4-4896-898D-67EE5838CFCE}"
EndProject
Project("{2150E333-8FDC-42A3-9474-1A3956D46DE8}") = "Solution Items", "Solution Items", "{1879C710-AA81-4A9A-BAB7-08A543CD37F4}"
	ProjectSection(SolutionItems) = preProject
		.gitignore = .gitignore
	EndProjectSection
EndProject
Global
	GlobalSection(SolutionConfigurationPlatforms) = preSolution
		Debug|Any CPU = Debug|Any CPU
		Release|Any CPU = Release|Any CPU
	EndGlobalSection
	GlobalSection(ProjectConfigurationPlatforms) = postSolution
		{A65D0A0E-A3B4-4896-898D-67EE5838CFCE}.Debug|Any CPU.ActiveCfg = Debug|Any CPU
		{A65D0A0E-A3B4-4896-898D-67EE5838CFCE}.Debug|Any CPU.Build.0 = Debug|Any CPU
		{A65D0A0E-A3B4-4896-898D-67EE5838CFCE}.Release|Any CPU.ActiveCfg = Release|Any CPU
		{A65D0A0E-A3B4-4896-898D-67EE5838CFCE}.Release|Any CPU.Build.0 = Release|Any CPU
	EndGlobalSection
	GlobalSection(SolutionProperties) = preSolution
		HideSolutionNode = FALSE
	EndGlobalSection
EndGlobal
